version = 1
revision = 5
requires-python = "==3.12.*"

[[package]]
name = "depthai"
version = "3.10.0"
source = { registry = "https://pypi.org/simple" }
dependencies = [
    { name = "numpy" },
]
wheels = [
    { url = "https://files.pythonhosted.org/packages/0e/f8/7d3aceef36304ca7cad0e401645ca2e577e31f373da110595e0b20983b0a/depthai-3.10.0-cp39.cp310.cp311.cp312.cp313.cp314-cp39.cp310.cp311.cp312.cp313.cp314-macosx_11_0_arm64.whl", hash = "sha256:1913158a32fdcd05c84e3bf11c9f8f209a4cb9b69f7a80bbec97f9c714d48c2a", size = 67203827, upload-time = "2026-09-02T04:39:06.74Z" },
    { url = "https://files.pythonhosted.org/packages/78/c6/c1f39dfcbb31e4890295cf1801309fbff42fd786d2cb2416c79d2928d160/depthai-3.10.0-cp39.cp310.cp311.cp312.cp313.cp314-cp39.cp310.cp311.cp312.cp313.cp314-macosx_11_0_x86_64.whl", hash = "sha256:121e2b3592eb4951480f160a9408d516ece6a5852de0dbfd7f233d98fc41d2c3", size = 70821955, upload-time = "2026-09-02T04:39:10.791Z" },
    { url = "https://files.pythonhosted.org/packages/4b/c7/0743ac1121036fb566d261223e6fc4707a30698790350c9093f7102f1db0/depthai-3.10.0-cp39.cp310.cp311.cp312.cp313.cp314-cp39.cp310.cp311.cp312.cp313.cp314-manylinux_2_28_aarch64.whl", hash = "sha256:acc7e09f7608e2742c3fde466c90230c85ae8b49328148e3d90935a18b6b5eb6", size = 82579808, upload-time = "2026-09-02T04:39:14.622Z" },
    { url = "https://files.pythonhosted.org/packages/ac/c8/ddbd078b6bad9c814a58e542c8ebe71ce2f2050caae7760e6f5021cacb24/depthai-3.10.0-cp39.cp310.cp311.cp312.cp313.cp314-cp39.cp310.cp311.cp312.cp313.cp314-manylinux_2_28_x86_64.whl", hash = "sha256:82bf7e03f906c9447ffd516b717cdf707ce72429845b0ee76800b2406a011514", size = 88153472, upload-time = "2026-09-02T04:39:19.159Z" },
    { url = "https://files.pythonhosted.org/packages/47/09/e6f9a372aef90bc876a4eebf83a7a3c5275c9100b21c9c87410ca00f3e3d/depthai-3.10.0-cp39.cp310.cp311.cp312.cp313.cp314-cp39.cp310.cp311.cp312.cp313.cp314-win_amd64.whl", hash = "sha256:ae5dbc7be1a6a14bf1f4c9a6ce0102677c419949e43e1cdeec5693ce652c0b11", size = 71010079, upload-time = "2026-09-02T04:39:23.344Z" },
]

[[package]]
name = "numpy"
version = "1.26.4"
source = { registry = "https://pypi.org/simple" }
sdist = { url = "https://files.pythonhosted.org/packages/65/6e/09db70a523a96d25e115e71cc56a6f9031e7b8cd166c1ac8438307c14058/numpy-1.26.4.tar.gz", hash = "sha256:2a02aba9ed12e4ac4eb3ea9421c420301a0c6460d9830d74a9df87efa4912010", size = 15786129, upload-time = "2024-02-06T00:26:44.495Z" }
wheels = [
    { url = "https://files.pythonhosted.org/packages/95/12/8f2020a8e8b8383ac0177dc9570aad031a3beb12e38847f7129bacd96228/numpy-1.26.4-cp312-cp312-macosx_10_9_x86_64.whl", hash = "sha256:b3ce300f3644fb06443ee2222c2201dd3a89ea6040541412b8fa189341847218", size = 20335901, upload-time = "2024-02-05T23:55:32.801Z" },
    { url = "https://files.pythonhosted.org/packages/75/5b/ca6c8bd14007e5ca171c7c03102d17b4f4e0ceb53957e8c44343a9546dcc/numpy-1.26.4-cp312-cp312-macosx_11_0_arm64.whl", hash = "sha256:03a8c78d01d9781b28a6989f6fa1bb2c4f2d51201cf99d3dd875df6fbd96b23b", size = 13685868, upload-time = "2024-02-05T23:55:56.28Z" },
    { url = "https://files.pythonhosted.org/packages/79/f8/97f10e6755e2a7d027ca783f63044d5b1bc1ae7acb12afe6a9b4286eac17/numpy-1.26.4-cp312-cp312-manylinux_2_17_aarch64.manylinux2014_aarch64.whl", hash = "sha256:9fad7dcb1aac3c7f0584a5a8133e3a43eeb2fe127f47e3632d43d677c66c102b", size = 13925109, upload-time = "2024-02-05T23:56:20.368Z" },
    { url = "https://files.pythonhosted.org/packages/0f/50/de23fde84e45f5c4fda2488c759b69990fd4512387a8632860f3ac9cd225/numpy-1.26.4-cp312-cp312-manylinux_2_17_x86_64.manylinux2014_x86_64.whl", hash = "sha256:675d61ffbfa78604709862923189bad94014bef562cc35cf61d3a07bba02a7ed", size = 17950613, upload-time = "2024-02-05T23:56:56.054Z" },
    { url = "https://files.pythonhosted.org/packages/4c/0c/9c603826b6465e82591e05ca230dfc13376da512b25ccd0894709b054ed0/numpy-1.26.4-cp312-cp312-musllinux_1_1_aarch64.whl", hash = "sha256:ab47dbe5cc8210f55aa58e4805fe224dac469cde56b9f731a4c098b91917159a", size = 13572172, upload-time = "2024-02-05T23:57:21.56Z" },
    { url = "https://files.pythonhosted.org/packages/76/8c/2ba3902e1a0fc1c74962ea9bb33a534bb05984ad7ff9515bf8d07527cadd/numpy-1.26.4-cp312-cp312-musllinux_1_1_x86_64.whl", hash = "sha256:1dda2e7b4ec9dd512f84935c5f126c8bd8b9f2fc001e9f54af255e8c5f16b0e0", size = 17786643, upload-time = "2024-02-05T23:57:56.585Z" },
    { url = "https://files.pythonhosted.org/packages/28/4a/46d9e65106879492374999e76eb85f87b15328e06bd1550668f79f7b18c6/numpy-1.26.4-cp312-cp312-win32.whl", hash = "sha256:50193e430acfc1346175fcbdaa28ffec49947a06918b7b92130744e81e640110", size = 5677803, upload-time = "2024-02-05T23:58:08.963Z" },
    { url = "https://files.pythonhosted.org/packages/16/2e/86f24451c2d530c88daf997cb8d6ac622c1d40d19f5a031ed68a4b73a374/numpy-1.26.4-cp312-cp312-win_amd64.whl", hash = "sha256:08beddf13648eb95f8d867350f6a018a4be2e5ad54c8d8caed89ebca558b2818", size = 15517754, upload-time = "2024-02-05T23:58:36.364Z" },
]

[[package]]
name = "pyserial"
version = "3.5"
source = { registry = "https://pypi.org/simple" }
sdist = { url = "https://files.pythonhosted.org/packages/1e/7d/ae3f0a63f41e4d2f6cb66a5b57197850f919f59e558159a4dd3a818f5082/pyserial-3.5.tar.gz", hash = "sha256:3c77e014170dfffbd816e6ffc205e9842efb10be9f58ec16d3e8675b4925cddb", size = 159125, upload-time = "2020-11-23T03:59:15.045Z" }
wheels = [
    { url = "https://files.pythonhosted.org/packages/07/bc/587a445451b253b285629263eb51c2d8e9bcea4fc97826266d186f96f558/pyserial-3.5-py2.py3-none-any.whl", hash = "sha256:c4451db6ba391ca6ca299fb3ec7bae67a5c55dde170964c7a14ceefec02f2cf0", size = 90585, upload-time = "2020-11-23T03:59:13.41Z" },
]

[[package]]
name = "rowdyhacks-xii-inside-men"
version = "0.1.0"
source = { virtual = "." }
dependencies = [
    { name = "depthai" },
    { name = "numpy" },
    { name = "pyserial" },
]

[package.metadata]
requires-dist = [
    { name = "depthai", specifier = ">=3.0" },
    { name = "numpy", specifier = "<2" },
    { name = "pyserial" },
]
